// !$*UTF8*$!
{
	archiveVersion = 1;
	classes = {
	};
	objectVersion = 56;
	objects = {

/* Begin PBXBuildFile section */
		8823695629ED0AF900A16E14 /* qandaApp.swift in Sources */ = {isa = PBXBuildFile; fileRef = 8823695529ED0AF900A16E14 /* qandaApp.swift */; };
		8823695A29ED0AFA00A16E14 /* Assets.xcassets in Resources */ = {isa = PBXBuildFile; fileRef = 8823695929ED0AFA00A16E14 /* Assets.xcassets */; };
		8823695D29ED0AFA00A16E14 /* Preview Assets.xcassets in Resources */ = {isa = PBXBuildFile; fileRef = 8823695C29ED0AFA00A16E14 /* Preview Assets.xcassets */; };
		8823696429EEFEE400A16E14 /* ForChatGPT.swift in Sources */ = {isa = PBXBuildFile; fileRef = 8823696329EEFEE400A16E14 /* ForChatGPT.swift */; };
		8823696629EFC0D600A16E14 /* SingleTopicView.swift in Sources */ = {isa = PBXBuildFile; fileRef = 8823696529EFC0D600A16E14 /* SingleTopicView.swift */; };
		8875659429FD66410030AE77 /* json-maker.txt in Resources */ = {isa = PBXBuildFile; fileRef = 8875659329FD66410030AE77 /* json-maker.txt */; };
		8875659629FD7DE20030AE77 /* json-writer.txt in Resources */ = {isa = PBXBuildFile; fileRef = 8875659529FD7DE20030AE77 /* json-writer.txt */; };
		8875659E29FD82EF0030AE77 /* main.swift in Sources */ = {isa = PBXBuildFile; fileRef = 8875659D29FD82EF0030AE77 /* main.swift */; };
		887565B029FEB44D0030AE77 /* ForChatGPT.swift in Sources */ = {isa = PBXBuildFile; fileRef = 8823696329EEFEE400A16E14 /* ForChatGPT.swift */; };
/* End PBXBuildFile section */

/* Begin PBXCopyFilesBuildPhase section */
		8875659929FD82EF0030AE77 /* CopyFiles */ = {
			isa = PBXCopyFilesBuildPhase;
			buildActionMask = 2147483647;
			dstPath = /usr/share/man/man1/;
			dstSubfolderSpec = 0;
			files = (
			);
			runOnlyForDeploymentPostprocessing = 1;
		};
/* End PBXCopyFilesBuildPhase section */

/* Begin PBXFileReference section */
		8823695229ED0AF900A16E14 /* qanda.app */ = {isa = PBXFileReference; explicitFileType = wrapper.application; includeInIndex = 0; path = qanda.app; sourceTree = BUILT_PRODUCTS_DIR; };
		8823695529ED0AF900A16E14 /* qandaApp.swift */ = {isa = PBXFileReference; lastKnownFileType = sourcecode.swift; path = qandaApp.swift; sourceTree = "<group>"; };
		8823695929ED0AFA00A16E14 /* Assets.xcassets */ = {isa = PBXFileReference; lastKnownFileType = folder.assetcatalog; path = Assets.xcassets; sourceTree = "<group>"; };
		8823695C29ED0AFA00A16E14 /* Preview Assets.xcassets */ = {isa = PBXFileReference; lastKnownFileType = folder.assetcatalog; path = "Preview Assets.xcassets"; sourceTree = "<group>"; };
		8823696329EEFEE400A16E14 /* ForChatGPT.swift */ = {isa = PBXFileReference; lastKnownFileType = sourcecode.swift; path = ForChatGPT.swift; sourceTree = "<group>"; };
		8823696529EFC0D600A16E14 /* SingleTopicView.swift */ = {isa = PBXFileReference; lastKnownFileType = sourcecode.swift; path = SingleTopicView.swift; sourceTree = "<group>"; };
		8875659329FD66410030AE77 /* json-maker.txt */ = {isa = PBXFileReference; lastKnownFileType = text; path = "json-maker.txt"; sourceTree = "<group>"; };
		8875659529FD7DE20030AE77 /* json-writer.txt */ = {isa = PBXFileReference; lastKnownFileType = text; path = "json-writer.txt"; sourceTree = "<group>"; };
		8875659B29FD82EF0030AE77 /* validator */ = {isa = PBXFileReference; explicitFileType = "compiled.mach-o.executable"; includeInIndex = 0; path = validator; sourceTree = BUILT_PRODUCTS_DIR; };
		8875659D29FD82EF0030AE77 /* main.swift */ = {isa = PBXFileReference; lastKnownFileType = sourcecode.swift; path = main.swift; sourceTree = "<group>"; };
		887565A229FDC6FB0030AE77 /* json-sample */ = {isa = PBXFileReference; lastKnownFileType = text; path = "json-sample"; sourceTree = "<group>"; };
		887565A329FDF3510030AE77 /* json-sample2 */ = {isa = PBXFileReference; lastKnownFileType = text; path = "json-sample2"; sourceTree = "<group>"; };
		887565A429FDFAEC0030AE77 /* json-dupes */ = {isa = PBXFileReference; lastKnownFileType = text; path = "json-dupes"; sourceTree = "<group>"; };
		887565A629FEA3420030AE77 /* us_presidents.json */ = {isa = PBXFileReference; lastKnownFileType = text.json; path = us_presidents.json; sourceTree = "<group>"; };
		887565A729FEA3710030AE77 /* oceans.json */ = {isa = PBXFileReference; fileEncoding = 4; lastKnownFileType = text.json; path = oceans.json; sourceTree = "<group>"; };
		887565A829FEA3B30030AE77 /* food.json */ = {isa = PBXFileReference; fileEncoding = 4; lastKnownFileType = text.json; path = food.json; sourceTree = "<group>"; };
		887565A929FEA3D60030AE77 /* vacation.json */ = {isa = PBXFileReference; fileEncoding = 4; lastKnownFileType = text.json; path = vacation.json; sourceTree = "<group>"; };
		887565AA29FEA3EE0030AE77 /* elvis_presley.json */ = {isa = PBXFileReference; fileEncoding = 4; lastKnownFileType = text.json; path = elvis_presley.json; sourceTree = "<group>"; };
		887565AB29FEA4190030AE77 /* rock_and_roll.json */ = {isa = PBXFileReference; lastKnownFileType = text.json; path = rock_and_roll.json; sourceTree = "<group>"; };
		887565AC29FEA4320030AE77 /* rap_artists.json */ = {isa = PBXFileReference; fileEncoding = 4; lastKnownFileType = text.json; path = rap_artists.json; sourceTree = "<group>"; };
		887565AD29FEA4520030AE77 /* new_york_city.json */ = {isa = PBXFileReference; lastKnownFileType = text.json; path = new_york_city.json; sourceTree = "<group>"; };
		887565AE29FEA4800030AE77 /* the_himalayas.json */ = {isa = PBXFileReference; fileEncoding = 4; lastKnownFileType = text.json; path = the_himalayas.json; sourceTree = "<group>"; };
		887565AF29FEA4C20030AE77 /* world_heritage_sites.json */ = {isa = PBXFileReference; fileEncoding = 4; lastKnownFileType = text.json; path = world_heritage_sites.json; sourceTree = "<group>"; };
/* End PBXFileReference section */

/* Begin PBXFrameworksBuildPhase section */
		8823694F29ED0AF900A16E14 /* Frameworks */ = {
			isa = PBXFrameworksBuildPhase;
			buildActionMask = 2147483647;
			files = (
			);
			runOnlyForDeploymentPostprocessing = 0;
		};
		8875659829FD82EF0030AE77 /* Frameworks */ = {
			isa = PBXFrameworksBuildPhase;
			buildActionMask = 2147483647;
			files = (
			);
			runOnlyForDeploymentPostprocessing = 0;
		};
/* End PBXFrameworksBuildPhase section */

/* Begin PBXGroup section */
		8823694929ED0AF900A16E14 = {
			isa = PBXGroup;
			children = (
				887565A529FEA30D0030AE77 /* dataFromCarol */,
				8823695429ED0AF900A16E14 /* qanda */,
				8875659C29FD82EF0030AE77 /* validator */,
				8823695329ED0AF900A16E14 /* Products */,
			);
			sourceTree = "<group>";
		};
		8823695329ED0AF900A16E14 /* Products */ = {
			isa = PBXGroup;
			children = (
				8823695229ED0AF900A16E14 /* qanda.app */,
				8875659B29FD82EF0030AE77 /* validator */,
			);
			name = Products;
			sourceTree = "<group>";
		};
		8823695429ED0AF900A16E14 /* qanda */ = {
			isa = PBXGroup;
			children = (
				8875659229FD65EF0030AE77 /* Prompts */,
				8823696329EEFEE400A16E14 /* ForChatGPT.swift */,
				8823695529ED0AF900A16E14 /* qandaApp.swift */,
				8823696529EFC0D600A16E14 /* SingleTopicView.swift */,
				8823695929ED0AFA00A16E14 /* Assets.xcassets */,
				8823695B29ED0AFA00A16E14 /* Preview Content */,
			);
			path = qanda;
			sourceTree = "<group>";
		};
		8823695B29ED0AFA00A16E14 /* Preview Content */ = {
			isa = PBXGroup;
			children = (
				8823695C29ED0AFA00A16E14 /* Preview Assets.xcassets */,
			);
			path = "Preview Content";
			sourceTree = "<group>";
		};
		8875659229FD65EF0030AE77 /* Prompts */ = {
			isa = PBXGroup;
			children = (
				8875659329FD66410030AE77 /* json-maker.txt */,
				8875659529FD7DE20030AE77 /* json-writer.txt */,
				887565A229FDC6FB0030AE77 /* json-sample */,
				887565A329FDF3510030AE77 /* json-sample2 */,
				887565A429FDFAEC0030AE77 /* json-dupes */,
			);
			path = Prompts;
			sourceTree = "<group>";
		};
		8875659C29FD82EF0030AE77 /* validator */ = {
			isa = PBXGroup;
			children = (
				8875659D29FD82EF0030AE77 /* main.swift */,
			);
			path = validator;
			sourceTree = "<group>";
		};
		887565A529FEA30D0030AE77 /* dataFromCarol */ = {
			isa = PBXGroup;
			children = (
				887565A629FEA3420030AE77 /* us_presidents.json */,
				887565A929FEA3D60030AE77 /* vacation.json */,
				887565AA29FEA3EE0030AE77 /* elvis_presley.json */,
				887565AB29FEA4190030AE77 /* rock_and_roll.json */,
				887565AC29FEA4320030AE77 /* rap_artists.json */,
				887565AD29FEA4520030AE77 /* new_york_city.json */,
				887565AF29FEA4C20030AE77 /* world_heritage_sites.json */,
				887565AE29FEA4800030AE77 /* the_himalayas.json */,
				887565A829FEA3B30030AE77 /* food.json */,
				887565A729FEA3710030AE77 /* oceans.json */,
			);
			path = dataFromCarol;
			sourceTree = "<group>";
		};
/* End PBXGroup section */

/* Begin PBXNativeTarget section */
		8823695129ED0AF900A16E14 /* qanda */ = {
			isa = PBXNativeTarget;
			buildConfigurationList = 8823696029ED0AFA00A16E14 /* Build configuration list for PBXNativeTarget "qanda" */;
			buildPhases = (
				8823694E29ED0AF900A16E14 /* Sources */,
				8823694F29ED0AF900A16E14 /* Frameworks */,
				8823695029ED0AF900A16E14 /* Resources */,
			);
			buildRules = (
			);
			dependencies = (
			);
			name = qanda;
			productName = qanda;
			productReference = 8823695229ED0AF900A16E14 /* qanda.app */;
			productType = "com.apple.product-type.application";
		};
		8875659A29FD82EF0030AE77 /* validator */ = {
			isa = PBXNativeTarget;
			buildConfigurationList = 8875659F29FD82EF0030AE77 /* Build configuration list for PBXNativeTarget "validator" */;
			buildPhases = (
				8875659729FD82EF0030AE77 /* Sources */,
				8875659829FD82EF0030AE77 /* Frameworks */,
				8875659929FD82EF0030AE77 /* CopyFiles */,
			);
			buildRules = (
			);
			dependencies = (
			);
			name = validator;
			productName = validator;
			productReference = 8875659B29FD82EF0030AE77 /* validator */;
			productType = "com.apple.product-type.tool";
		};
/* End PBXNativeTarget section */

/* Begin PBXProject section */
		8823694A29ED0AF900A16E14 /* Project object */ = {
			isa = PBXProject;
			attributes = {
				BuildIndependentTargetsInParallel = 1;
				LastSwiftUpdateCheck = 1430;
				LastUpgradeCheck = 1430;
				TargetAttributes = {
					8823695129ED0AF900A16E14 = {
						CreatedOnToolsVersion = 14.3;
					};
					8875659A29FD82EF0030AE77 = {
						CreatedOnToolsVersion = 14.3;
					};
				};
			};
			buildConfigurationList = 8823694D29ED0AF900A16E14 /* Build configuration list for PBXProject "qanda" */;
			compatibilityVersion = "Xcode 14.0";
			developmentRegion = en;
			hasScannedForEncodings = 0;
			knownRegions = (
				en,
				Base,
			);
			mainGroup = 8823694929ED0AF900A16E14;
			productRefGroup = 8823695329ED0AF900A16E14 /* Products */;
			projectDirPath = "";
			projectRoot = "";
			targets = (
				8823695129ED0AF900A16E14 /* qanda */,
				8875659A29FD82EF0030AE77 /* validator */,
			);
		};
/* End PBXProject section */

/* Begin PBXResourcesBuildPhase section */
		8823695029ED0AF900A16E14 /* Resources */ = {
			isa = PBXResourcesBuildPhase;
			buildActionMask = 2147483647;
			files = (
				8823695D29ED0AFA00A16E14 /* Preview Assets.xcassets in Resources */,
				8875659629FD7DE20030AE77 /* json-writer.txt in Resources */,
				8823695A29ED0AFA00A16E14 /* Assets.xcassets in Resources */,
				8875659429FD66410030AE77 /* json-maker.txt in Resources */,
			);
			runOnlyForDeploymentPostprocessing = 0;
		};
/* End PBXResourcesBuildPhase section */

/* Begin PBXSourcesBuildPhase section */
		8823694E29ED0AF900A16E14 /* Sources */ = {
			isa = PBXSourcesBuildPhase;
			buildActionMask = 2147483647;
			files = (
				8823696629EFC0D600A16E14 /* SingleTopicView.swift in Sources */,
				8823696429EEFEE400A16E14 /* ForChatGPT.swift in Sources */,
				8823695629ED0AF900A16E14 /* qandaApp.swift in Sources */,
			);
			runOnlyForDeploymentPostprocessing = 0;
		};
		8875659729FD82EF0030AE77 /* Sources */ = {
			isa = PBXSourcesBuildPhase;
			buildActionMask = 2147483647;
			files = (
				8875659E29FD82EF0030AE77 /* main.swift in Sources */,
				887565B029FEB44D0030AE77 /* ForChatGPT.swift in Sources */,
			);
			runOnlyForDeploymentPostprocessing = 0;
		};
/* End PBXSourcesBuildPhase section */

/* Begin XCBuildConfiguration section */
		8823695E29ED0AFA00A16E14 /* Debug */ = {
			isa = XCBuildConfiguration;
			buildSettings = {
				ALWAYS_SEARCH_USER_PATHS = NO;
				CLANG_ANALYZER_NONNULL = YES;
				CLANG_ANALYZER_NUMBER_OBJECT_CONVERSION = YES_AGGRESSIVE;
				CLANG_CXX_LANGUAGE_STANDARD = "gnu++20";
				CLANG_ENABLE_MODULES = YES;
				CLANG_ENABLE_OBJC_ARC = YES;
				CLANG_ENABLE_OBJC_WEAK = YES;
				CLANG_WARN_BLOCK_CAPTURE_AUTORELEASING = YES;
				CLANG_WARN_BOOL_CONVERSION = YES;
				CLANG_WARN_COMMA = YES;
				CLANG_WARN_CONSTANT_CONVERSION = YES;
				CLANG_WARN_DEPRECATED_OBJC_IMPLEMENTATIONS = YES;
				CLANG_WARN_DIRECT_OBJC_ISA_USAGE = YES_ERROR;
				CLANG_WARN_DOCUMENTATION_COMMENTS = YES;
				CLANG_WARN_EMPTY_BODY = YES;
				CLANG_WARN_ENUM_CONVERSION = YES;
				CLANG_WARN_INFINITE_RECURSION = YES;
				CLANG_WARN_INT_CONVERSION = YES;
				CLANG_WARN_NON_LITERAL_NULL_CONVERSION = YES;
				CLANG_WARN_OBJC_IMPLICIT_RETAIN_SELF = YES;
				CLANG_WARN_OBJC_LITERAL_CONVERSION = YES;
				CLANG_WARN_OBJC_ROOT_CLASS = YES_ERROR;
				CLANG_WARN_QUOTED_INCLUDE_IN_FRAMEWORK_HEADER = YES;
				CLANG_WARN_RANGE_LOOP_ANALYSIS = YES;
				CLANG_WARN_STRICT_PROTOTYPES = YES;
				CLANG_WARN_SUSPICIOUS_MOVE = YES;
				CLANG_WARN_UNGUARDED_AVAILABILITY = YES_AGGRESSIVE;
				CLANG_WARN_UNREACHABLE_CODE = YES;
				CLANG_WARN__DUPLICATE_METHOD_MATCH = YES;
				COPY_PHASE_STRIP = NO;
				DEBUG_INFORMATION_FORMAT = dwarf;
				ENABLE_STRICT_OBJC_MSGSEND = YES;
				ENABLE_TESTABILITY = YES;
				GCC_C_LANGUAGE_STANDARD = gnu11;
				GCC_DYNAMIC_NO_PIC = NO;
				GCC_NO_COMMON_BLOCKS = YES;
				GCC_OPTIMIZATION_LEVEL = 0;
				GCC_PREPROCESSOR_DEFINITIONS = (
					"DEBUG=1",
					"$(inherited)",
				);
				GCC_WARN_64_TO_32_BIT_CONVERSION = YES;
				GCC_WARN_ABOUT_RETURN_TYPE = YES_ERROR;
				GCC_WARN_UNDECLARED_SELECTOR = YES;
				GCC_WARN_UNINITIALIZED_AUTOS = YES_AGGRESSIVE;
				GCC_WARN_UNUSED_FUNCTION = YES;
				GCC_WARN_UNUSED_VARIABLE = YES;
				IPHONEOS_DEPLOYMENT_TARGET = 16.4;
				MTL_ENABLE_DEBUG_INFO = INCLUDE_SOURCE;
				MTL_FAST_MATH = YES;
				ONLY_ACTIVE_ARCH = YES;
				SDKROOT = iphoneos;
				SWIFT_ACTIVE_COMPILATION_CONDITIONS = DEBUG;
				SWIFT_OPTIMIZATION_LEVEL = "-Onone";
			};
			name = Debug;
		};
		8823695F29ED0AFA00A16E14 /* Release */ = {
			isa = XCBuildConfiguration;
			buildSettings = {
				ALWAYS_SEARCH_USER_PATHS = NO;
				CLANG_ANALYZER_NONNULL = YES;
				CLANG_ANALYZER_NUMBER_OBJECT_CONVERSION = YES_AGGRESSIVE;
				CLANG_CXX_LANGUAGE_STANDARD = "gnu++20";
				CLANG_ENABLE_MODULES = YES;
				CLANG_ENABLE_OBJC_ARC = YES;
				CLANG_ENABLE_OBJC_WEAK = YES;
				CLANG_WARN_BLOCK_CAPTURE_AUTORELEASING = YES;
				CLANG_WARN_BOOL_CONVERSION = YES;
				CLANG_WARN_COMMA = YES;
				CLANG_WARN_CONSTANT_CONVERSION = YES;
				CLANG_WARN_DEPRECATED_OBJC_IMPLEMENTATIONS = YES;
				CLANG_WARN_DIRECT_OBJC_ISA_USAGE = YES_ERROR;
				CLANG_WARN_DOCUMENTATION_COMMENTS = YES;
				CLANG_WARN_EMPTY_BODY = YES;
				CLANG_WARN_ENUM_CONVERSION = YES;
				CLANG_WARN_INFINITE_RECURSION = YES;
				CLANG_WARN_INT_CONVERSION = YES;
				CLANG_WARN_NON_LITERAL_NULL_CONVERSION = YES;
				CLANG_WARN_OBJC_IMPLICIT_RETAIN_SELF = YES;
				CLANG_WARN_OBJC_LITERAL_CONVERSION = YES;
				CLANG_WARN_OBJC_ROOT_CLASS = YES_ERROR;
				CLANG_WARN_QUOTED_INCLUDE_IN_FRAMEWORK_HEADER = YES;
				CLANG_WARN_RANGE_LOOP_ANALYSIS = YES;
				CLANG_WARN_STRICT_PROTOTYPES = YES;
				CLANG_WARN_SUSPICIOUS_MOVE = YES;
				CLANG_WARN_UNGUARDED_AVAILABILITY = YES_AGGRESSIVE;
				CLANG_WARN_UNREACHABLE_CODE = YES;
				CLANG_WARN__DUPLICATE_METHOD_MATCH = YES;
				COPY_PHASE_STRIP = NO;
				DEBUG_INFORMATION_FORMAT = "dwarf-with-dsym";
				ENABLE_NS_ASSERTIONS = NO;
				ENABLE_STRICT_OBJC_MSGSEND = YES;
				GCC_C_LANGUAGE_STANDARD = gnu11;
				GCC_NO_COMMON_BLOCKS = YES;
				GCC_WARN_64_TO_32_BIT_CONVERSION = YES;
				GCC_WARN_ABOUT_RETURN_TYPE = YES_ERROR;
				GCC_WARN_UNDECLARED_SELECTOR = YES;
				GCC_WARN_UNINITIALIZED_AUTOS = YES_AGGRESSIVE;
				GCC_WARN_UNUSED_FUNCTION = YES;
				GCC_WARN_UNUSED_VARIABLE = YES;
				IPHONEOS_DEPLOYMENT_TARGET = 16.4;
				MTL_ENABLE_DEBUG_INFO = NO;
				MTL_FAST_MATH = YES;
				SDKROOT = iphoneos;
				SWIFT_COMPILATION_MODE = wholemodule;
				SWIFT_OPTIMIZATION_LEVEL = "-O";
				VALIDATE_PRODUCT = YES;
			};
			name = Release;
		};
		8823696129ED0AFA00A16E14 /* Debug */ = {
			isa = XCBuildConfiguration;
			buildSettings = {
				ASSETCATALOG_COMPILER_APPICON_NAME = AppIcon;
				ASSETCATALOG_COMPILER_GLOBAL_ACCENT_COLOR_NAME = AccentColor;
				CODE_SIGN_STYLE = Automatic;
				CURRENT_PROJECT_VERSION = 1;
				DEVELOPMENT_ASSET_PATHS = "\"qanda/Preview Content\"";
				DEVELOPMENT_TEAM = X2PQYA6S48;
				ENABLE_PREVIEWS = YES;
				GENERATE_INFOPLIST_FILE = YES;
				INFOPLIST_KEY_UIApplicationSceneManifest_Generation = YES;
				INFOPLIST_KEY_UIApplicationSupportsIndirectInputEvents = YES;
				INFOPLIST_KEY_UILaunchScreen_Generation = YES;
				INFOPLIST_KEY_UISupportedInterfaceOrientations_iPad = "UIInterfaceOrientationPortrait UIInterfaceOrientationPortraitUpsideDown UIInterfaceOrientationLandscapeLeft UIInterfaceOrientationLandscapeRight";
				INFOPLIST_KEY_UISupportedInterfaceOrientations_iPhone = "UIInterfaceOrientationPortrait UIInterfaceOrientationLandscapeLeft UIInterfaceOrientationLandscapeRight";
				LD_RUNPATH_SEARCH_PATHS = (
					"$(inherited)",
					"@executable_path/Frameworks",
				);
				MARKETING_VERSION = 1.0;
				PRODUCT_BUNDLE_IDENTIFIER = com.billdonner.qanda;
				PRODUCT_NAME = "$(TARGET_NAME)";
				SWIFT_EMIT_LOC_STRINGS = YES;
				SWIFT_VERSION = 5.0;
				TARGETED_DEVICE_FAMILY = "1,2";
			};
			name = Debug;
		};
		8823696229ED0AFA00A16E14 /* Release */ = {
			isa = XCBuildConfiguration;
			buildSettings = {
				ASSETCATALOG_COMPILER_APPICON_NAME = AppIcon;
				ASSETCATALOG_COMPILER_GLOBAL_ACCENT_COLOR_NAME = AccentColor;
				CODE_SIGN_STYLE = Automatic;
				CURRENT_PROJECT_VERSION = 1;
				DEVELOPMENT_ASSET_PATHS = "\"qanda/Preview Content\"";
				DEVELOPMENT_TEAM = X2PQYA6S48;
				ENABLE_PREVIEWS = YES;
				GENERATE_INFOPLIST_FILE = YES;
				INFOPLIST_KEY_UIApplicationSceneManifest_Generation = YES;
				INFOPLIST_KEY_UIApplicationSupportsIndirectInputEvents = YES;
				INFOPLIST_KEY_UILaunchScreen_Generation = YES;
				INFOPLIST_KEY_UISupportedInterfaceOrientations_iPad = "UIInterfaceOrientationPortrait UIInterfaceOrientationPortraitUpsideDown UIInterfaceOrientationLandscapeLeft UIInterfaceOrientationLandscapeRight";
				INFOPLIST_KEY_UISupportedInterfaceOrientations_iPhone = "UIInterfaceOrientationPortrait UIInterfaceOrientationLandscapeLeft UIInterfaceOrientationLandscapeRight";
				LD_RUNPATH_SEARCH_PATHS = (
					"$(inherited)",
					"@executable_path/Frameworks",
				);
				MARKETING_VERSION = 1.0;
				PRODUCT_BUNDLE_IDENTIFIER = com.billdonner.qanda;
				PRODUCT_NAME = "$(TARGET_NAME)";
				SWIFT_EMIT_LOC_STRINGS = YES;
				SWIFT_VERSION = 5.0;
				TARGETED_DEVICE_FAMILY = "1,2";
			};
			name = Release;
		};
		887565A029FD82EF0030AE77 /* Debug */ = {
			isa = XCBuildConfiguration;
			buildSettings = {
				CODE_SIGN_STYLE = Automatic;
				DEVELOPMENT_TEAM = X2PQYA6S48;
				ENABLE_HARDENED_RUNTIME = YES;
				MACOSX_DEPLOYMENT_TARGET = 13.3;
				PRODUCT_NAME = "$(TARGET_NAME)";
				SDKROOT = macosx;
				SWIFT_VERSION = 5.0;
			};
			name = Debug;
		};
		887565A129FD82EF0030AE77 /* Release */ = {
			isa = XCBuildConfiguration;
			buildSettings = {
				CODE_SIGN_STYLE = Automatic;
				DEVELOPMENT_TEAM = X2PQYA6S48;
				ENABLE_HARDENED_RUNTIME = YES;
				MACOSX_DEPLOYMENT_TARGET = 13.3;
				PRODUCT_NAME = "$(TARGET_NAME)";
				SDKROOT = macosx;
				SWIFT_VERSION = 5.0;
			};
			name = Release;
		};
/* End XCBuildConfiguration section */

/* Begin XCConfigurationList section */
		8823694D29ED0AF900A16E14 /* Build configuration list for PBXProject "qanda" */ = {
			isa = XCConfigurationList;
			buildConfigurations = (
				8823695E29ED0AFA00A16E14 /* Debug */,
				8823695F29ED0AFA00A16E14 /* Release */,
			);
			defaultConfigurationIsVisible = 0;
			defaultConfigurationName = Release;
		};
		8823696029ED0AFA00A16E14 /* Build configuration list for PBXNativeTarget "qanda" */ = {
			isa = XCConfigurationList;
			buildConfigurations = (
				8823696129ED0AFA00A16E14 /* Debug */,
				8823696229ED0AFA00A16E14 /* Release */,
			);
			defaultConfigurationIsVisible = 0;
			defaultConfigurationName = Release;
		};
		8875659F29FD82EF0030AE77 /* Build configuration list for PBXNativeTarget "validator" */ = {
			isa = XCConfigurationList;
			buildConfigurations = (
				887565A029FD82EF0030AE77 /* Debug */,
				887565A129FD82EF0030AE77 /* Release */,
			);
			defaultConfigurationIsVisible = 0;
			defaultConfigurationName = Release;
		};
/* End XCConfigurationList section */
	};
	rootObject = 8823694A29ED0AF900A16E14 /* Project object */;
}
